
Microsoft Visual Studio Solution File, Format Version 12.00
# Visual Studio Version 17
VisualStudioVersion = 17.0.31903.59
MinimumVisualStudioVersion = 10.0.40219.1
Project("{FAE04EC0-301F-11D3-BF4B-00C04F79EFBC}") = "DataStructures", "DataStructures\DataStructures.csproj", "{46B9DA63-9EC6-4580-81CA-D2B6822342CC}"
EndProject
Project("{FAE04EC0-301F-11D3-BF4B-00C04F79EFBC}") = "Problems", "Problems\Problems.csproj", "{79FDD11B-E2B2-4CC4-8B9D-E6E828ADB586}"
EndProject
Project("{FAE04EC0-301F-11D3-BF4B-00C04F79EFBC}") = "Algorithms", "Algorithms\Algorithms.csproj", "{1071110C-9249-4DD7-BAFB-154C2B26A083}"
EndProject
Project("{FAE04EC0-301F-11D3-BF4B-00C04F79EFBC}") = "Tests", "Tests\Tests.csproj", "{406BC596-C0EC-409D-B8D2-D70D9E871A7B}"
EndProject
Project("{FAE04EC0-301F-11D3-BF4B-00C04F79EFBC}") = "App", "App\App.csproj", "{F704F044-2179-477C-A4F8-C47D28F564A7}"
EndProject
Global
	GlobalSection(SolutionConfigurationPlatforms) = preSolution
		Debug|Any CPU = Debug|Any CPU
		Release|Any CPU = Release|Any CPU
	EndGlobalSection
	GlobalSection(SolutionProperties) = preSolution
		HideSolutionNode = FALSE
	EndGlobalSection
	GlobalSection(ProjectConfigurationPlatforms) = postSolution
		{46B9DA63-9EC6-4580-81CA-D2B6822342CC}.Debug|Any CPU.ActiveCfg = Debug|Any CPU
		{46B9DA63-9EC6-4580-81CA-D2B6822342CC}.Debug|Any CPU.Build.0 = Debug|Any CPU
		{46B9DA63-9EC6-4580-81CA-D2B6822342CC}.Release|Any CPU.ActiveCfg = Release|Any CPU
		{46B9DA63-9EC6-4580-81CA-D2B6822342CC}.Release|Any CPU.Build.0 = Release|Any CPU
		{79FDD11B-E2B2-4CC4-8B9D-E6E828ADB586}.Debug|Any CPU.ActiveCfg = Debug|Any CPU
		{79FDD11B-E2B2-4CC4-8B9D-E6E828ADB586}.Debug|Any CPU.Build.0 = Debug|Any CPU
		{79FDD11B-E2B2-4CC4-8B9D-E6E828ADB586}.Release|Any CPU.ActiveCfg = Release|Any CPU
		{79FDD11B-E2B2-4CC4-8B9D-E6E828ADB586}.Release|Any CPU.Build.0 = Release|Any CPU
		{1071110C-9249-4DD7-BAFB-154C2B26A083}.Debug|Any CPU.ActiveCfg = Debug|Any CPU
		{1071110C-9249-4DD7-BAFB-154C2B26A083}.Debug|Any CPU.Build.0 = Debug|Any CPU
		{1071110C-9249-4DD7-BAFB-154C2B26A083}.Release|Any CPU.ActiveCfg = Release|Any CPU
		{1071110C-9249-4DD7-BAFB-154C2B26A083}.Release|Any CPU.Build.0 = Release|Any CPU
		{406BC596-C0EC-409D-B8D2-D70D9E871A7B}.Debug|Any CPU.ActiveCfg = Debug|Any CPU
		{406BC596-C0EC-409D-B8D2-D70D9E871A7B}.Debug|Any CPU.Build.0 = Debug|Any CPU
		{406BC596-C0EC-409D-B8D2-D70D9E871A7B}.Release|Any CPU.ActiveCfg = Release|Any CPU
		{406BC596-C0EC-409D-B8D2-D70D9E871A7B}.Release|Any CPU.Build.0 = Release|Any CPU
		{F704F044-2179-477C-A4F8-C47D28F564A7}.Debug|Any CPU.ActiveCfg = Debug|Any CPU
		{F704F044-2179-477C-A4F8-C47D28F564A7}.Debug|Any CPU.Build.0 = Debug|Any CPU
		{F704F044-2179-477C-A4F8-C47D28F564A7}.Release|Any CPU.ActiveCfg = Release|Any CPU
		{F704F044-2179-477C-A4F8-C47D28F564A7}.Release|Any CPU.Build.0 = Release|Any CPU
	EndGlobalSection
EndGlobal
